// !$*UTF8*$!
{
	archiveVersion = 1;
	classes = {
	};
	objectVersion = 50;
	objects = {

/* Begin PBXBuildFile section */
		D637079021A246FD00D296A2 /* AppDelegate.swift in Sources */ = {isa = PBXBuildFile; fileRef = D637078F21A246FD00D296A2 /* AppDelegate.swift */; };
		D637079221A246FD00D296A2 /* ViewController.swift in Sources */ = {isa = PBXBuildFile; fileRef = D637079121A246FD00D296A2 /* ViewController.swift */; };
		D637079521A246FD00D296A2 /* Main.storyboard in Resources */ = {isa = PBXBuildFile; fileRef = D637079321A246FD00D296A2 /* Main.storyboard */; };
		D637079821A246FD00D296A2 /* ChallengeMe.xcdatamodeld in Sources */ = {isa = PBXBuildFile; fileRef = D637079621A246FD00D296A2 /* ChallengeMe.xcdatamodeld */; };
		D637079A21A246FE00D296A2 /* Assets.xcassets in Resources */ = {isa = PBXBuildFile; fileRef = D637079921A246FE00D296A2 /* Assets.xcassets */; };
		D637079D21A246FE00D296A2 /* LaunchScreen.storyboard in Resources */ = {isa = PBXBuildFile; fileRef = D637079B21A246FE00D296A2 /* LaunchScreen.storyboard */; };
		D63707A821A246FF00D296A2 /* ChallengeMeTests.swift in Sources */ = {isa = PBXBuildFile; fileRef = D63707A721A246FF00D296A2 /* ChallengeMeTests.swift */; };
		D63707B321A246FF00D296A2 /* ChallengeMeUITests.swift in Sources */ = {isa = PBXBuildFile; fileRef = D63707B221A246FF00D296A2 /* ChallengeMeUITests.swift */; };
		D6E774E221A384BF00E9BDF2 /* Person.swift in Sources */ = {isa = PBXBuildFile; fileRef = D6E774E121A384BF00E9BDF2 /* Person.swift */; };
		D6E774E421A385D000E9BDF2 /* PersonViewController.swift in Sources */ = {isa = PBXBuildFile; fileRef = D6E774E321A385D000E9BDF2 /* PersonViewController.swift */; };
		F62C1EB621A4A8E50084892D /* MarketTableViewController.swift in Sources */ = {isa = PBXBuildFile; fileRef = F62C1EB521A4A8E40084892D /* MarketTableViewController.swift */; };
		F62C1EB821A4AA490084892D /* Challenge.swift in Sources */ = {isa = PBXBuildFile; fileRef = F62C1EB721A4AA490084892D /* Challenge.swift */; };
		F62C1EBD21A4ADF70084892D /* ChallengeAPI.swift in Sources */ = {isa = PBXBuildFile; fileRef = F62C1EBC21A4ADF70084892D /* ChallengeAPI.swift */; };
/* End PBXBuildFile section */

/* Begin PBXContainerItemProxy section */
		D63707A421A246FE00D296A2 /* PBXContainerItemProxy */ = {
			isa = PBXContainerItemProxy;
			containerPortal = D637078421A246FD00D296A2 /* Project object */;
			proxyType = 1;
			remoteGlobalIDString = D637078B21A246FD00D296A2;
			remoteInfo = ChallengeMe;
		};
		D63707AF21A246FF00D296A2 /* PBXContainerItemProxy */ = {
			isa = PBXContainerItemProxy;
			containerPortal = D637078421A246FD00D296A2 /* Project object */;
			proxyType = 1;
			remoteGlobalIDString = D637078B21A246FD00D296A2;
			remoteInfo = ChallengeMe;
		};
/* End PBXContainerItemProxy section */

/* Begin PBXFileReference section */
		D637078C21A246FD00D296A2 /* ChallengeMe.app */ = {isa = PBXFileReference; explicitFileType = wrapper.application; includeInIndex = 0; path = ChallengeMe.app; sourceTree = BUILT_PRODUCTS_DIR; };
		D637078F21A246FD00D296A2 /* AppDelegate.swift */ = {isa = PBXFileReference; lastKnownFileType = sourcecode.swift; path = AppDelegate.swift; sourceTree = "<group>"; };
		D637079121A246FD00D296A2 /* ViewController.swift */ = {isa = PBXFileReference; lastKnownFileType = sourcecode.swift; path = ViewController.swift; sourceTree = "<group>"; };
		D637079421A246FD00D296A2 /* Base */ = {isa = PBXFileReference; lastKnownFileType = file.storyboard; name = Base; path = Base.lproj/Main.storyboard; sourceTree = "<group>"; };
		D637079721A246FD00D296A2 /* ChallengeMe.xcdatamodel */ = {isa = PBXFileReference; lastKnownFileType = wrapper.xcdatamodel; path = ChallengeMe.xcdatamodel; sourceTree = "<group>"; };
		D637079921A246FE00D296A2 /* Assets.xcassets */ = {isa = PBXFileReference; lastKnownFileType = folder.assetcatalog; path = Assets.xcassets; sourceTree = "<group>"; };
		D637079C21A246FE00D296A2 /* Base */ = {isa = PBXFileReference; lastKnownFileType = file.storyboard; name = Base; path = Base.lproj/LaunchScreen.storyboard; sourceTree = "<group>"; };
		D637079E21A246FE00D296A2 /* Info.plist */ = {isa = PBXFileReference; lastKnownFileType = text.plist.xml; path = Info.plist; sourceTree = "<group>"; };
		D63707A321A246FE00D296A2 /* ChallengeMeTests.xctest */ = {isa = PBXFileReference; explicitFileType = wrapper.cfbundle; includeInIndex = 0; path = ChallengeMeTests.xctest; sourceTree = BUILT_PRODUCTS_DIR; };
		D63707A721A246FF00D296A2 /* ChallengeMeTests.swift */ = {isa = PBXFileReference; lastKnownFileType = sourcecode.swift; path = ChallengeMeTests.swift; sourceTree = "<group>"; };
		D63707A921A246FF00D296A2 /* Info.plist */ = {isa = PBXFileReference; lastKnownFileType = text.plist.xml; path = Info.plist; sourceTree = "<group>"; };
		D63707AE21A246FF00D296A2 /* ChallengeMeUITests.xctest */ = {isa = PBXFileReference; explicitFileType = wrapper.cfbundle; includeInIndex = 0; path = ChallengeMeUITests.xctest; sourceTree = BUILT_PRODUCTS_DIR; };
		D63707B221A246FF00D296A2 /* ChallengeMeUITests.swift */ = {isa = PBXFileReference; lastKnownFileType = sourcecode.swift; path = ChallengeMeUITests.swift; sourceTree = "<group>"; };
		D63707B421A246FF00D296A2 /* Info.plist */ = {isa = PBXFileReference; lastKnownFileType = text.plist.xml; path = Info.plist; sourceTree = "<group>"; };
		D6E774E121A384BF00E9BDF2 /* Person.swift */ = {isa = PBXFileReference; lastKnownFileType = sourcecode.swift; path = Person.swift; sourceTree = "<group>"; };
		D6E774E321A385D000E9BDF2 /* PersonViewController.swift */ = {isa = PBXFileReference; lastKnownFileType = sourcecode.swift; path = PersonViewController.swift; sourceTree = "<group>"; };
		F62C1EB521A4A8E40084892D /* MarketTableViewController.swift */ = {isa = PBXFileReference; lastKnownFileType = sourcecode.swift; path = MarketTableViewController.swift; sourceTree = "<group>"; };
		F62C1EB721A4AA490084892D /* Challenge.swift */ = {isa = PBXFileReference; lastKnownFileType = sourcecode.swift; path = Challenge.swift; sourceTree = "<group>"; };
		F62C1EBC21A4ADF70084892D /* ChallengeAPI.swift */ = {isa = PBXFileReference; lastKnownFileType = sourcecode.swift; path = ChallengeAPI.swift; sourceTree = "<group>"; };
/* End PBXFileReference section */

/* Begin PBXFrameworksBuildPhase section */
		D637078921A246FD00D296A2 /* Frameworks */ = {
			isa = PBXFrameworksBuildPhase;
			buildActionMask = 2147483647;
			files = (
			);
			runOnlyForDeploymentPostprocessing = 0;
		};
		D63707A021A246FE00D296A2 /* Frameworks */ = {
			isa = PBXFrameworksBuildPhase;
			buildActionMask = 2147483647;
			files = (
			);
			runOnlyForDeploymentPostprocessing = 0;
		};
		D63707AB21A246FF00D296A2 /* Frameworks */ = {
			isa = PBXFrameworksBuildPhase;
			buildActionMask = 2147483647;
			files = (
			);
			runOnlyForDeploymentPostprocessing = 0;
		};
/* End PBXFrameworksBuildPhase section */

/* Begin PBXGroup section */
		D637078321A246FD00D296A2 = {
			isa = PBXGroup;
			children = (
				D637078E21A246FD00D296A2 /* ChallengeMe */,
				D63707A621A246FF00D296A2 /* ChallengeMeTests */,
				D63707B121A246FF00D296A2 /* ChallengeMeUITests */,
				D637078D21A246FD00D296A2 /* Products */,
			);
			sourceTree = "<group>";
		};
		D637078D21A246FD00D296A2 /* Products */ = {
			isa = PBXGroup;
			children = (
				D637078C21A246FD00D296A2 /* ChallengeMe.app */,
				D63707A321A246FE00D296A2 /* ChallengeMeTests.xctest */,
				D63707AE21A246FF00D296A2 /* ChallengeMeUITests.xctest */,
			);
			name = Products;
			sourceTree = "<group>";
		};
		D637078E21A246FD00D296A2 /* ChallengeMe */ = {
			isa = PBXGroup;
			children = (
				F62C1EBE21A4AE260084892D /* API */,
				F62C1EBA21A4AD620084892D /* Models */,
				F62C1EBB21A4ADA10084892D /* Layouts */,
				D637079321A246FD00D296A2 /* Main.storyboard */,
				D637079921A246FE00D296A2 /* Assets.xcassets */,
				D637079B21A246FE00D296A2 /* LaunchScreen.storyboard */,
				D637079E21A246FE00D296A2 /* Info.plist */,
				D637079621A246FD00D296A2 /* ChallengeMe.xcdatamodeld */,
			);
			path = ChallengeMe;
			sourceTree = "<group>";
		};
		D63707A621A246FF00D296A2 /* ChallengeMeTests */ = {
			isa = PBXGroup;
			children = (
				D63707A721A246FF00D296A2 /* ChallengeMeTests.swift */,
				D63707A921A246FF00D296A2 /* Info.plist */,
			);
			path = ChallengeMeTests;
			sourceTree = "<group>";
		};
		D63707B121A246FF00D296A2 /* ChallengeMeUITests */ = {
			isa = PBXGroup;
			children = (
				D63707B221A246FF00D296A2 /* ChallengeMeUITests.swift */,
				D63707B421A246FF00D296A2 /* Info.plist */,
			);
			path = ChallengeMeUITests;
			sourceTree = "<group>";
		};
		F62C1EBA21A4AD620084892D /* Models */ = {
			isa = PBXGroup;
			children = (
				D6E774E121A384BF00E9BDF2 /* Person.swift */,
				F62C1EB721A4AA490084892D /* Challenge.swift */,
			);
			path = Models;
			sourceTree = "<group>";
		};
		F62C1EBB21A4ADA10084892D /* Layouts */ = {
			isa = PBXGroup;
			children = (
				F62C1EB521A4A8E40084892D /* MarketTableViewController.swift */,
				D6E774E321A385D000E9BDF2 /* PersonViewController.swift */,
				D637079121A246FD00D296A2 /* ViewController.swift */,
				D637078F21A246FD00D296A2 /* AppDelegate.swift */,
			);
			path = Layouts;
			sourceTree = "<group>";
		};
		F62C1EBE21A4AE260084892D /* API */ = {
			isa = PBXGroup;
			children = (
				F62C1EBC21A4ADF70084892D /* ChallengeAPI.swift */,
			);
			path = API;
			sourceTree = "<group>";
		};
/* End PBXGroup section */

/* Begin PBXNativeTarget section */
		D637078B21A246FD00D296A2 /* ChallengeMe */ = {
			isa = PBXNativeTarget;
			buildConfigurationList = D63707B721A246FF00D296A2 /* Build configuration list for PBXNativeTarget "ChallengeMe" */;
			buildPhases = (
				D637078821A246FD00D296A2 /* Sources */,
				D637078921A246FD00D296A2 /* Frameworks */,
				D637078A21A246FD00D296A2 /* Resources */,
			);
			buildRules = (
			);
			dependencies = (
			);
			name = ChallengeMe;
			productName = ChallengeMe;
			productReference = D637078C21A246FD00D296A2 /* ChallengeMe.app */;
			productType = "com.apple.product-type.application";
		};
		D63707A221A246FE00D296A2 /* ChallengeMeTests */ = {
			isa = PBXNativeTarget;
			buildConfigurationList = D63707BA21A246FF00D296A2 /* Build configuration list for PBXNativeTarget "ChallengeMeTests" */;
			buildPhases = (
				D637079F21A246FE00D296A2 /* Sources */,
				D63707A021A246FE00D296A2 /* Frameworks */,
				D63707A121A246FE00D296A2 /* Resources */,
			);
			buildRules = (
			);
			dependencies = (
				D63707A521A246FE00D296A2 /* PBXTargetDependency */,
			);
			name = ChallengeMeTests;
			productName = ChallengeMeTests;
			productReference = D63707A321A246FE00D296A2 /* ChallengeMeTests.xctest */;
			productType = "com.apple.product-type.bundle.unit-test";
		};
		D63707AD21A246FF00D296A2 /* ChallengeMeUITests */ = {
			isa = PBXNativeTarget;
			buildConfigurationList = D63707BD21A246FF00D296A2 /* Build configuration list for PBXNativeTarget "ChallengeMeUITests" */;
			buildPhases = (
				D63707AA21A246FF00D296A2 /* Sources */,
				D63707AB21A246FF00D296A2 /* Frameworks */,
				D63707AC21A246FF00D296A2 /* Resources */,
			);
			buildRules = (
			);
			dependencies = (
				D63707B021A246FF00D296A2 /* PBXTargetDependency */,
			);
			name = ChallengeMeUITests;
			productName = ChallengeMeUITests;
			productReference = D63707AE21A246FF00D296A2 /* ChallengeMeUITests.xctest */;
			productType = "com.apple.product-type.bundle.ui-testing";
		};
/* End PBXNativeTarget section */

/* Begin PBXProject section */
		D637078421A246FD00D296A2 /* Project object */ = {
			isa = PBXProject;
			attributes = {
				LastSwiftUpdateCheck = 1000;
				LastUpgradeCheck = 1000;
				ORGANIZATIONNAME = ChallengeMe;
				TargetAttributes = {
					D637078B21A246FD00D296A2 = {
						CreatedOnToolsVersion = 10.0;
					};
					D63707A221A246FE00D296A2 = {
						CreatedOnToolsVersion = 10.0;
						TestTargetID = D637078B21A246FD00D296A2;
					};
					D63707AD21A246FF00D296A2 = {
						CreatedOnToolsVersion = 10.0;
						TestTargetID = D637078B21A246FD00D296A2;
					};
				};
			};
			buildConfigurationList = D637078721A246FD00D296A2 /* Build configuration list for PBXProject "ChallengeMe" */;
			compatibilityVersion = "Xcode 9.3";
			developmentRegion = en;
			hasScannedForEncodings = 0;
			knownRegions = (
				en,
				Base,
			);
			mainGroup = D637078321A246FD00D296A2;
			productRefGroup = D637078D21A246FD00D296A2 /* Products */;
			projectDirPath = "";
			projectRoot = "";
			targets = (
				D637078B21A246FD00D296A2 /* ChallengeMe */,
				D63707A221A246FE00D296A2 /* ChallengeMeTests */,
				D63707AD21A246FF00D296A2 /* ChallengeMeUITests */,
			);
		};
/* End PBXProject section */

/* Begin PBXResourcesBuildPhase section */
		D637078A21A246FD00D296A2 /* Resources */ = {
			isa = PBXResourcesBuildPhase;
			buildActionMask = 2147483647;
			files = (
				D637079D21A246FE00D296A2 /* LaunchScreen.storyboard in Resources */,
				D637079A21A246FE00D296A2 /* Assets.xcassets in Resources */,
				D637079521A246FD00D296A2 /* Main.storyboard in Resources */,
			);
			runOnlyForDeploymentPostprocessing = 0;
		};
		D63707A121A246FE00D296A2 /* Resources */ = {
			isa = PBXResourcesBuildPhase;
			buildActionMask = 2147483647;
			files = (
			);
			runOnlyForDeploymentPostprocessing = 0;
		};
		D63707AC21A246FF00D296A2 /* Resources */ = {
			isa = PBXResourcesBuildPhase;
			buildActionMask = 2147483647;
			files = (
			);
			runOnlyForDeploymentPostprocessing = 0;
		};
/* End PBXResourcesBuildPhase section */

/* Begin PBXSourcesBuildPhase section */
		D637078821A246FD00D296A2 /* Sources */ = {
			isa = PBXSourcesBuildPhase;
			buildActionMask = 2147483647;
			files = (
				F62C1EB821A4AA490084892D /* Challenge.swift in Sources */,
				D6E774E421A385D000E9BDF2 /* PersonViewController.swift in Sources */,
				F62C1EBD21A4ADF70084892D /* ChallengeAPI.swift in Sources */,
				F62C1EB621A4A8E50084892D /* MarketTableViewController.swift in Sources */,
				D637079221A246FD00D296A2 /* ViewController.swift in Sources */,
				D6E774E221A384BF00E9BDF2 /* Person.swift in Sources */,
				D637079021A246FD00D296A2 /* AppDelegate.swift in Sources */,
				D637079821A246FD00D296A2 /* ChallengeMe.xcdatamodeld in Sources */,
			);
			runOnlyForDeploymentPostprocessing = 0;
		};
		D637079F21A246FE00D296A2 /* Sources */ = {
			isa = PBXSourcesBuildPhase;
			buildActionMask = 2147483647;
			files = (
				D63707A821A246FF00D296A2 /* ChallengeMeTests.swift in Sources */,
			);
			runOnlyForDeploymentPostprocessing = 0;
		};
		D63707AA21A246FF00D296A2 /* Sources */ = {
			isa = PBXSourcesBuildPhase;
			buildActionMask = 2147483647;
			files = (
				D63707B321A246FF00D296A2 /* ChallengeMeUITests.swift in Sources */,
			);
			runOnlyForDeploymentPostprocessing = 0;
		};
/* End PBXSourcesBuildPhase section */

/* Begin PBXTargetDependency section */
		D63707A521A246FE00D296A2 /* PBXTargetDependency */ = {
			isa = PBXTargetDependency;
			target = D637078B21A246FD00D296A2 /* ChallengeMe */;
			targetProxy = D63707A421A246FE00D296A2 /* PBXContainerItemProxy */;
		};
		D63707B021A246FF00D296A2 /* PBXTargetDependency */ = {
			isa = PBXTargetDependency;
			target = D637078B21A246FD00D296A2 /* ChallengeMe */;
			targetProxy = D63707AF21A246FF00D296A2 /* PBXContainerItemProxy */;
		};
/* End PBXTargetDependency section */

/* Begin PBXVariantGroup section */
		D637079321A246FD00D296A2 /* Main.storyboard */ = {
			isa = PBXVariantGroup;
			children = (
				D637079421A246FD00D296A2 /* Base */,
			);
			name = Main.storyboard;
			sourceTree = "<group>";
		};
		D637079B21A246FE00D296A2 /* LaunchScreen.storyboard */ = {
			isa = PBXVariantGroup;
			children = (
				D637079C21A246FE00D296A2 /* Base */,
			);
			name = LaunchScreen.storyboard;
			sourceTree = "<group>";
		};
/* End PBXVariantGroup section */

/* Begin XCBuildConfiguration section */
		D63707B521A246FF00D296A2 /* Debug */ = {
			isa = XCBuildConfiguration;
			buildSettings = {
				ALWAYS_SEARCH_USER_PATHS = NO;
				CLANG_ANALYZER_NONNULL = YES;
				CLANG_ANALYZER_NUMBER_OBJECT_CONVERSION = YES_AGGRESSIVE;
				CLANG_CXX_LANGUAGE_STANDARD = "gnu++14";
				CLANG_CXX_LIBRARY = "libc++";
				CLANG_ENABLE_MODULES = YES;
				CLANG_ENABLE_OBJC_ARC = YES;
				CLANG_ENABLE_OBJC_WEAK = YES;
				CLANG_WARN_BLOCK_CAPTURE_AUTORELEASING = YES;
				CLANG_WARN_BOOL_CONVERSION = YES;
				CLANG_WARN_COMMA = YES;
				CLANG_WARN_CONSTANT_CONVERSION = YES;
				CLANG_WARN_DEPRECATED_OBJC_IMPLEMENTATIONS = YES;
				CLANG_WARN_DIRECT_OBJC_ISA_USAGE = YES_ERROR;
				CLANG_WARN_DOCUMENTATION_COMMENTS = YES;
				CLANG_WARN_EMPTY_BODY = YES;
				CLANG_WARN_ENUM_CONVERSION = YES;
				CLANG_WARN_INFINITE_RECURSION = YES;
				CLANG_WARN_INT_CONVERSION = YES;
				CLANG_WARN_NON_LITERAL_NULL_CONVERSION = YES;
				CLANG_WARN_OBJC_IMPLICIT_RETAIN_SELF = YES;
				CLANG_WARN_OBJC_LITERAL_CONVERSION = YES;
				CLANG_WARN_OBJC_ROOT_CLASS = YES_ERROR;
				CLANG_WARN_RANGE_LOOP_ANALYSIS = YES;
				CLANG_WARN_STRICT_PROTOTYPES = YES;
				CLANG_WARN_SUSPICIOUS_MOVE = YES;
				CLANG_WARN_UNGUARDED_AVAILABILITY = YES_AGGRESSIVE;
				CLANG_WARN_UNREACHABLE_CODE = YES;
				CLANG_WARN__DUPLICATE_METHOD_MATCH = YES;
				CODE_SIGN_IDENTITY = "iPhone Developer";
				COPY_PHASE_STRIP = NO;
				DEBUG_INFORMATION_FORMAT = dwarf;
				ENABLE_STRICT_OBJC_MSGSEND = YES;
				ENABLE_TESTABILITY = YES;
				GCC_C_LANGUAGE_STANDARD = gnu11;
				GCC_DYNAMIC_NO_PIC = NO;
				GCC_NO_COMMON_BLOCKS = YES;
				GCC_OPTIMIZATION_LEVEL = 0;
				GCC_PREPROCESSOR_DEFINITIONS = (
					"DEBUG=1",
					"$(inherited)",
				);
				GCC_WARN_64_TO_32_BIT_CONVERSION = YES;
				GCC_WARN_ABOUT_RETURN_TYPE = YES_ERROR;
				GCC_WARN_UNDECLARED_SELECTOR = YES;
				GCC_WARN_UNINITIALIZED_AUTOS = YES_AGGRESSIVE;
				GCC_WARN_UNUSED_FUNCTION = YES;
				GCC_WARN_UNUSED_VARIABLE = YES;
				IPHONEOS_DEPLOYMENT_TARGET = 12.0;
				MTL_ENABLE_DEBUG_INFO = INCLUDE_SOURCE;
				MTL_FAST_MATH = YES;
				ONLY_ACTIVE_ARCH = YES;
				SDKROOT = iphoneos;
				SWIFT_ACTIVE_COMPILATION_CONDITIONS = DEBUG;
				SWIFT_OPTIMIZATION_LEVEL = "-Onone";
			};
			name = Debug;
		};
		D63707B621A246FF00D296A2 /* Release */ = {
			isa = XCBuildConfiguration;
			buildSettings = {
				ALWAYS_SEARCH_USER_PATHS = NO;
				CLANG_ANALYZER_NONNULL = YES;
				CLANG_ANALYZER_NUMBER_OBJECT_CONVERSION = YES_AGGRESSIVE;
				CLANG_CXX_LANGUAGE_STANDARD = "gnu++14";
				CLANG_CXX_LIBRARY = "libc++";
				CLANG_ENABLE_MODULES = YES;
				CLANG_ENABLE_OBJC_ARC = YES;
				CLANG_ENABLE_OBJC_WEAK = YES;
				CLANG_WARN_BLOCK_CAPTURE_AUTORELEASING = YES;
				CLANG_WARN_BOOL_CONVERSION = YES;
				CLANG_WARN_COMMA = YES;
				CLANG_WARN_CONSTANT_CONVERSION = YES;
				CLANG_WARN_DEPRECATED_OBJC_IMPLEMENTATIONS = YES;
				CLANG_WARN_DIRECT_OBJC_ISA_USAGE = YES_ERROR;
				CLANG_WARN_DOCUMENTATION_COMMENTS = YES;
				CLANG_WARN_EMPTY_BODY = YES;
				CLANG_WARN_ENUM_CONVERSION = YES;
				CLANG_WARN_INFINITE_RECURSION = YES;
				CLANG_WARN_INT_CONVERSION = YES;
				CLANG_WARN_NON_LITERAL_NULL_CONVERSION = YES;
				CLANG_WARN_OBJC_IMPLICIT_RETAIN_SELF = YES;
				CLANG_WARN_OBJC_LITERAL_CONVERSION = YES;
				CLANG_WARN_OBJC_ROOT_CLASS = YES_ERROR;
				CLANG_WARN_RANGE_LOOP_ANALYSIS = YES;
				CLANG_WARN_STRICT_PROTOTYPES = YES;
				CLANG_WARN_SUSPICIOUS_MOVE = YES;
				CLANG_WARN_UNGUARDED_AVAILABILITY = YES_AGGRESSIVE;
				CLANG_WARN_UNREACHABLE_CODE = YES;
				CLANG_WARN__DUPLICATE_METHOD_MATCH = YES;
				CODE_SIGN_IDENTITY = "iPhone Developer";
				COPY_PHASE_STRIP = NO;
				DEBUG_INFORMATION_FORMAT = "dwarf-with-dsym";
				ENABLE_NS_ASSERTIONS = NO;
				ENABLE_STRICT_OBJC_MSGSEND = YES;
				GCC_C_LANGUAGE_STANDARD = gnu11;
				GCC_NO_COMMON_BLOCKS = YES;
				GCC_WARN_64_TO_32_BIT_CONVERSION = YES;
				GCC_WARN_ABOUT_RETURN_TYPE = YES_ERROR;
				GCC_WARN_UNDECLARED_SELECTOR = YES;
				GCC_WARN_UNINITIALIZED_AUTOS = YES_AGGRESSIVE;
				GCC_WARN_UNUSED_FUNCTION = YES;
				GCC_WARN_UNUSED_VARIABLE = YES;
				IPHONEOS_DEPLOYMENT_TARGET = 12.0;
				MTL_ENABLE_DEBUG_INFO = NO;
				MTL_FAST_MATH = YES;
				SDKROOT = iphoneos;
				SWIFT_COMPILATION_MODE = wholemodule;
				SWIFT_OPTIMIZATION_LEVEL = "-O";
				VALIDATE_PRODUCT = YES;
			};
			name = Release;
		};
		D63707B821A246FF00D296A2 /* Debug */ = {
			isa = XCBuildConfiguration;
			buildSettings = {
				ASSETCATALOG_COMPILER_APPICON_NAME = AppIcon;
				CODE_SIGN_STYLE = Automatic;
				INFOPLIST_FILE = ChallengeMe/Info.plist;
				LD_RUNPATH_SEARCH_PATHS = (
					"$(inherited)",
					"@executable_path/Frameworks",
				);
				PRODUCT_BUNDLE_IDENTIFIER = SeanCorcoran.ChallengeMe;
				PRODUCT_NAME = "$(TARGET_NAME)";
				SWIFT_VERSION = 4.2;
				TARGETED_DEVICE_FAMILY = "1,2";
			};
			name = Debug;
		};
		D63707B921A246FF00D296A2 /* Release */ = {
			isa = XCBuildConfiguration;
			buildSettings = {
				ASSETCATALOG_COMPILER_APPICON_NAME = AppIcon;
				CODE_SIGN_STYLE = Automatic;
				INFOPLIST_FILE = ChallengeMe/Info.plist;
				LD_RUNPATH_SEARCH_PATHS = (
					"$(inherited)",
					"@executable_path/Frameworks",
				);
				PRODUCT_BUNDLE_IDENTIFIER = SeanCorcoran.ChallengeMe;
				PRODUCT_NAME = "$(TARGET_NAME)";
				SWIFT_VERSION = 4.2;
				TARGETED_DEVICE_FAMILY = "1,2";
			};
			name = Release;
		};
		D63707BB21A246FF00D296A2 /* Debug */ = {
			isa = XCBuildConfiguration;
			buildSettings = {
				ALWAYS_EMBED_SWIFT_STANDARD_LIBRARIES = YES;
				BUNDLE_LOADER = "$(TEST_HOST)";
				CODE_SIGN_STYLE = Automatic;
				INFOPLIST_FILE = ChallengeMeTests/Info.plist;
				LD_RUNPATH_SEARCH_PATHS = (
					"$(inherited)",
					"@executable_path/Frameworks",
					"@loader_path/Frameworks",
				);
				PRODUCT_BUNDLE_IDENTIFIER = SeanCorcoran.ChallengeMeTests;
				PRODUCT_NAME = "$(TARGET_NAME)";
				SWIFT_VERSION = 4.2;
				TARGETED_DEVICE_FAMILY = "1,2";
				TEST_HOST = "$(BUILT_PRODUCTS_DIR)/ChallengeMe.app/ChallengeMe";
			};
			name = Debug;
		};
		D63707BC21A246FF00D296A2 /* Release */ = {
			isa = XCBuildConfiguration;
			buildSettings = {
				ALWAYS_EMBED_SWIFT_STANDARD_LIBRARIES = YES;
				BUNDLE_LOADER = "$(TEST_HOST)";
				CODE_SIGN_STYLE = Automatic;
				INFOPLIST_FILE = ChallengeMeTests/Info.plist;
				LD_RUNPATH_SEARCH_PATHS = (
					"$(inherited)",
					"@executable_path/Frameworks",
					"@loader_path/Frameworks",
				);
				PRODUCT_BUNDLE_IDENTIFIER = SeanCorcoran.ChallengeMeTests;
				PRODUCT_NAME = "$(TARGET_NAME)";
				SWIFT_VERSION = 4.2;
				TARGETED_DEVICE_FAMILY = "1,2";
				TEST_HOST = "$(BUILT_PRODUCTS_DIR)/ChallengeMe.app/ChallengeMe";
			};
			name = Release;
		};
		D63707BE21A246FF00D296A2 /* Debug */ = {
			isa = XCBuildConfiguration;
			buildSettings = {
				ALWAYS_EMBED_SWIFT_STANDARD_LIBRARIES = YES;
				CODE_SIGN_STYLE = Automatic;
				INFOPLIST_FILE = ChallengeMeUITests/Info.plist;
				LD_RUNPATH_SEARCH_PATHS = (
					"$(inherited)",
					"@executable_path/Frameworks",
					"@loader_path/Frameworks",
				);
				PRODUCT_BUNDLE_IDENTIFIER = SeanCorcoran.ChallengeMeUITests;
				PRODUCT_NAME = "$(TARGET_NAME)";
				SWIFT_VERSION = 4.2;
				TARGETED_DEVICE_FAMILY = "1,2";
				TEST_TARGET_NAME = ChallengeMe;
			};
			name = Debug;
		};
		D63707BF21A246FF00D296A2 /* Release */ = {
			isa = XCBuildConfiguration;
			buildSettings = {
				ALWAYS_EMBED_SWIFT_STANDARD_LIBRARIES = YES;
				CODE_SIGN_STYLE = Automatic;
				INFOPLIST_FILE = ChallengeMeUITests/Info.plist;
				LD_RUNPATH_SEARCH_PATHS = (
					"$(inherited)",
					"@executable_path/Frameworks",
					"@loader_path/Frameworks",
				);
				PRODUCT_BUNDLE_IDENTIFIER = SeanCorcoran.ChallengeMeUITests;
				PRODUCT_NAME = "$(TARGET_NAME)";
				SWIFT_VERSION = 4.2;
				TARGETED_DEVICE_FAMILY = "1,2";
				TEST_TARGET_NAME = ChallengeMe;
			};
			name = Release;
		};
/* End XCBuildConfiguration section */

/* Begin XCConfigurationList section */
		D637078721A246FD00D296A2 /* Build configuration list for PBXProject "ChallengeMe" */ = {
			isa = XCConfigurationList;
			buildConfigurations = (
				D63707B521A246FF00D296A2 /* Debug */,
				D63707B621A246FF00D296A2 /* Release */,
			);
			defaultConfigurationIsVisible = 0;
			defaultConfigurationName = Release;
		};
		D63707B721A246FF00D296A2 /* Build configuration list for PBXNativeTarget "ChallengeMe" */ = {
			isa = XCConfigurationList;
			buildConfigurations = (
				D63707B821A246FF00D296A2 /* Debug */,
				D63707B921A246FF00D296A2 /* Release */,
			);
			defaultConfigurationIsVisible = 0;
			defaultConfigurationName = Release;
		};
		D63707BA21A246FF00D296A2 /* Build configuration list for PBXNativeTarget "ChallengeMeTests" */ = {
			isa = XCConfigurationList;
			buildConfigurations = (
				D63707BB21A246FF00D296A2 /* Debug */,
				D63707BC21A246FF00D296A2 /* Release */,
			);
			defaultConfigurationIsVisible = 0;
			defaultConfigurationName = Release;
		};
		D63707BD21A246FF00D296A2 /* Build configuration list for PBXNativeTarget "ChallengeMeUITests" */ = {
			isa = XCConfigurationList;
			buildConfigurations = (
				D63707BE21A246FF00D296A2 /* Debug */,
				D63707BF21A246FF00D296A2 /* Release */,
			);
			defaultConfigurationIsVisible = 0;
			defaultConfigurationName = Release;
		};
/* End XCConfigurationList section */

/* Begin XCVersionGroup section */
		D637079621A246FD00D296A2 /* ChallengeMe.xcdatamodeld */ = {
			isa = XCVersionGroup;
			children = (
				D637079721A246FD00D296A2 /* ChallengeMe.xcdatamodel */,
			);
			currentVersion = D637079721A246FD00D296A2 /* ChallengeMe.xcdatamodel */;
			path = ChallengeMe.xcdatamodeld;
			sourceTree = "<group>";
			versionGroupType = wrapper.xcdatamodel;
		};
/* End XCVersionGroup section */
	};
	rootObject = D637078421A246FD00D296A2 /* Project object */;
}
