// !$*UTF8*$!
{
	archiveVersion = 1;
	classes = {
	};
	objectVersion = 50;
	objects = {

/* Begin PBXBuildFile section */
		7A0D6124B63163E80B80A5FF /* Pods_ChallengeMeTests.framework in Frameworks */ = {isa = PBXBuildFile; fileRef = 2C2AD2154E5432AFA82A2658 /* Pods_ChallengeMeTests.framework */; };
		B684CFE3A43CAF3671FEB700 /* Pods_ChallengeMe.framework in Frameworks */ = {isa = PBXBuildFile; fileRef = 881755FBA800B38EC12CFB95 /* Pods_ChallengeMe.framework */; };
		D46718A421B47BC7005083A8 /* CompletedViewController.swift in Sources */ = {isa = PBXBuildFile; fileRef = D46718A321B47BC7005083A8 /* CompletedViewController.swift */; };
		D550401C179D6A05F9269A47 /* Pods_ChallengeMeUITests.framework in Frameworks */ = {isa = PBXBuildFile; fileRef = 6F352872D0F6F868A4D53A06 /* Pods_ChallengeMeUITests.framework */; };
		D637079021A246FD00D296A2 /* AppDelegate.swift in Sources */ = {isa = PBXBuildFile; fileRef = D637078F21A246FD00D296A2 /* AppDelegate.swift */; };
		D637079821A246FD00D296A2 /* ChallengeMe.xcdatamodeld in Sources */ = {isa = PBXBuildFile; fileRef = D637079621A246FD00D296A2 /* ChallengeMe.xcdatamodeld */; };
		D637079A21A246FE00D296A2 /* Assets.xcassets in Resources */ = {isa = PBXBuildFile; fileRef = D637079921A246FE00D296A2 /* Assets.xcassets */; };
		D637079D21A246FE00D296A2 /* LaunchScreen.storyboard in Resources */ = {isa = PBXBuildFile; fileRef = D637079B21A246FE00D296A2 /* LaunchScreen.storyboard */; };
		D63707A821A246FF00D296A2 /* ChallengeMeTests.swift in Sources */ = {isa = PBXBuildFile; fileRef = D63707A721A246FF00D296A2 /* ChallengeMeTests.swift */; };
		D63707B321A246FF00D296A2 /* ChallengeMeUITests.swift in Sources */ = {isa = PBXBuildFile; fileRef = D63707B221A246FF00D296A2 /* ChallengeMeUITests.swift */; };
		D6BB7B7F21B0440F007D6253 /* MainTabBarController.swift in Sources */ = {isa = PBXBuildFile; fileRef = D6BB7B7E21B0440F007D6253 /* MainTabBarController.swift */; };
		D6BB7B8121B08394007D6253 /* FriendsViewController.swift in Sources */ = {isa = PBXBuildFile; fileRef = D6BB7B8021B08394007D6253 /* FriendsViewController.swift */; };
		D6BB7B8321B0A8E0007D6253 /* MarketTableViewController.swift in Sources */ = {isa = PBXBuildFile; fileRef = D6BB7B8221B0A8E0007D6253 /* MarketTableViewController.swift */; };
		D6BB7B8521B0AA17007D6253 /* MarketPlaceTableViewCell.swift in Sources */ = {isa = PBXBuildFile; fileRef = D6BB7B8421B0AA17007D6253 /* MarketPlaceTableViewCell.swift */; };
		D6BB7B8721B0B263007D6253 /* FriendTableViewCell.swift in Sources */ = {isa = PBXBuildFile; fileRef = D6BB7B8621B0B263007D6253 /* FriendTableViewCell.swift */; };
		D6DD296821B30CE0008987F0 /* NetworkManager.swift in Sources */ = {isa = PBXBuildFile; fileRef = D6DD296721B30CE0008987F0 /* NetworkManager.swift */; };
		D6DD296C21B31816008987F0 /* LogInViewController.swift in Sources */ = {isa = PBXBuildFile; fileRef = D6DD296B21B31816008987F0 /* LogInViewController.swift */; };
		D6E774E221A384BF00E9BDF2 /* User.swift in Sources */ = {isa = PBXBuildFile; fileRef = D6E774E121A384BF00E9BDF2 /* User.swift */; };
		D6E774E421A385D000E9BDF2 /* PersonViewController.swift in Sources */ = {isa = PBXBuildFile; fileRef = D6E774E321A385D000E9BDF2 /* PersonViewController.swift */; };
		F6196FDE21AB7F58009C9407 /* ChallengePageCell.swift in Sources */ = {isa = PBXBuildFile; fileRef = F6196FDD21AB7F58009C9407 /* ChallengePageCell.swift */; };
		F62C1EB821A4AA490084892D /* Challenge.swift in Sources */ = {isa = PBXBuildFile; fileRef = F62C1EB721A4AA490084892D /* Challenge.swift */; };
		F62C1EBD21A4ADF70084892D /* ChallengeAPI.swift in Sources */ = {isa = PBXBuildFile; fileRef = F62C1EBC21A4ADF70084892D /* ChallengeAPI.swift */; };
		F65403DC21A5CE6C008BA22D /* ChallengeCollectionViewCell.swift in Sources */ = {isa = PBXBuildFile; fileRef = F65403DB21A5CE6C008BA22D /* ChallengeCollectionViewCell.swift */; };
		F65403DF21A5D205008BA22D /* MarketCollectionViewController.swift in Sources */ = {isa = PBXBuildFile; fileRef = F65403DE21A5D205008BA22D /* MarketCollectionViewController.swift */; };
		F65403E121A5D37C008BA22D /* CongratsViewController.swift in Sources */ = {isa = PBXBuildFile; fileRef = F65403E021A5D37C008BA22D /* CongratsViewController.swift */; };
		F675AD2321ADA07F000888DD /* ChallengeViewController.swift in Sources */ = {isa = PBXBuildFile; fileRef = F675AD2221ADA07F000888DD /* ChallengeViewController.swift */; };
/* End PBXBuildFile section */

/* Begin PBXContainerItemProxy section */
		D63707A421A246FE00D296A2 /* PBXContainerItemProxy */ = {
			isa = PBXContainerItemProxy;
			containerPortal = D637078421A246FD00D296A2 /* Project object */;
			proxyType = 1;
			remoteGlobalIDString = D637078B21A246FD00D296A2;
			remoteInfo = ChallengeMe;
		};
		D63707AF21A246FF00D296A2 /* PBXContainerItemProxy */ = {
			isa = PBXContainerItemProxy;
			containerPortal = D637078421A246FD00D296A2 /* Project object */;
			proxyType = 1;
			remoteGlobalIDString = D637078B21A246FD00D296A2;
			remoteInfo = ChallengeMe;
		};
/* End PBXContainerItemProxy section */

/* Begin PBXFileReference section */
		2C2AD2154E5432AFA82A2658 /* Pods_ChallengeMeTests.framework */ = {isa = PBXFileReference; explicitFileType = wrapper.framework; includeInIndex = 0; path = Pods_ChallengeMeTests.framework; sourceTree = BUILT_PRODUCTS_DIR; };
		4F04628BC252914F82B523B9 /* Pods-ChallengeMeTests.release.xcconfig */ = {isa = PBXFileReference; includeInIndex = 1; lastKnownFileType = text.xcconfig; name = "Pods-ChallengeMeTests.release.xcconfig"; path = "Pods/Target Support Files/Pods-ChallengeMeTests/Pods-ChallengeMeTests.release.xcconfig"; sourceTree = "<group>"; };
		54C017CB6B0257CC6702DB83 /* Pods-ChallengeMe.debug.xcconfig */ = {isa = PBXFileReference; includeInIndex = 1; lastKnownFileType = text.xcconfig; name = "Pods-ChallengeMe.debug.xcconfig"; path = "Pods/Target Support Files/Pods-ChallengeMe/Pods-ChallengeMe.debug.xcconfig"; sourceTree = "<group>"; };
		6F352872D0F6F868A4D53A06 /* Pods_ChallengeMeUITests.framework */ = {isa = PBXFileReference; explicitFileType = wrapper.framework; includeInIndex = 0; path = Pods_ChallengeMeUITests.framework; sourceTree = BUILT_PRODUCTS_DIR; };
		881755FBA800B38EC12CFB95 /* Pods_ChallengeMe.framework */ = {isa = PBXFileReference; explicitFileType = wrapper.framework; includeInIndex = 0; path = Pods_ChallengeMe.framework; sourceTree = BUILT_PRODUCTS_DIR; };
		9C7C283E58C0C5E0D9D7332F /* Pods-ChallengeMe.release.xcconfig */ = {isa = PBXFileReference; includeInIndex = 1; lastKnownFileType = text.xcconfig; name = "Pods-ChallengeMe.release.xcconfig"; path = "Pods/Target Support Files/Pods-ChallengeMe/Pods-ChallengeMe.release.xcconfig"; sourceTree = "<group>"; };
		D46718A321B47BC7005083A8 /* CompletedViewController.swift */ = {isa = PBXFileReference; lastKnownFileType = sourcecode.swift; path = CompletedViewController.swift; sourceTree = "<group>"; };
		D475CDDEA43FF7294DABFBF9 /* Pods-ChallengeMeUITests.debug.xcconfig */ = {isa = PBXFileReference; includeInIndex = 1; lastKnownFileType = text.xcconfig; name = "Pods-ChallengeMeUITests.debug.xcconfig"; path = "Pods/Target Support Files/Pods-ChallengeMeUITests/Pods-ChallengeMeUITests.debug.xcconfig"; sourceTree = "<group>"; };
		D637078C21A246FD00D296A2 /* ChallengeMe.app */ = {isa = PBXFileReference; explicitFileType = wrapper.application; includeInIndex = 0; path = ChallengeMe.app; sourceTree = BUILT_PRODUCTS_DIR; };
		D637078F21A246FD00D296A2 /* AppDelegate.swift */ = {isa = PBXFileReference; lastKnownFileType = sourcecode.swift; path = AppDelegate.swift; sourceTree = "<group>"; };
		D637079721A246FD00D296A2 /* ChallengeMe.xcdatamodel */ = {isa = PBXFileReference; lastKnownFileType = wrapper.xcdatamodel; path = ChallengeMe.xcdatamodel; sourceTree = "<group>"; };
		D637079921A246FE00D296A2 /* Assets.xcassets */ = {isa = PBXFileReference; lastKnownFileType = folder.assetcatalog; path = Assets.xcassets; sourceTree = "<group>"; };
		D637079C21A246FE00D296A2 /* Base */ = {isa = PBXFileReference; lastKnownFileType = file.storyboard; name = Base; path = Base.lproj/LaunchScreen.storyboard; sourceTree = "<group>"; };
		D637079E21A246FE00D296A2 /* Info.plist */ = {isa = PBXFileReference; lastKnownFileType = text.plist.xml; path = Info.plist; sourceTree = "<group>"; };
		D63707A321A246FE00D296A2 /* ChallengeMeTests.xctest */ = {isa = PBXFileReference; explicitFileType = wrapper.cfbundle; includeInIndex = 0; path = ChallengeMeTests.xctest; sourceTree = BUILT_PRODUCTS_DIR; };
		D63707A721A246FF00D296A2 /* ChallengeMeTests.swift */ = {isa = PBXFileReference; lastKnownFileType = sourcecode.swift; path = ChallengeMeTests.swift; sourceTree = "<group>"; };
		D63707A921A246FF00D296A2 /* Info.plist */ = {isa = PBXFileReference; lastKnownFileType = text.plist.xml; path = Info.plist; sourceTree = "<group>"; };
		D63707AE21A246FF00D296A2 /* ChallengeMeUITests.xctest */ = {isa = PBXFileReference; explicitFileType = wrapper.cfbundle; includeInIndex = 0; path = ChallengeMeUITests.xctest; sourceTree = BUILT_PRODUCTS_DIR; };
		D63707B221A246FF00D296A2 /* ChallengeMeUITests.swift */ = {isa = PBXFileReference; lastKnownFileType = sourcecode.swift; path = ChallengeMeUITests.swift; sourceTree = "<group>"; };
		D63707B421A246FF00D296A2 /* Info.plist */ = {isa = PBXFileReference; lastKnownFileType = text.plist.xml; path = Info.plist; sourceTree = "<group>"; };
		D6BB7B7E21B0440F007D6253 /* MainTabBarController.swift */ = {isa = PBXFileReference; lastKnownFileType = sourcecode.swift; path = MainTabBarController.swift; sourceTree = "<group>"; };
		D6BB7B8021B08394007D6253 /* FriendsViewController.swift */ = {isa = PBXFileReference; lastKnownFileType = sourcecode.swift; path = FriendsViewController.swift; sourceTree = "<group>"; };
		D6BB7B8221B0A8E0007D6253 /* MarketTableViewController.swift */ = {isa = PBXFileReference; lastKnownFileType = sourcecode.swift; path = MarketTableViewController.swift; sourceTree = "<group>"; };
		D6BB7B8421B0AA17007D6253 /* MarketPlaceTableViewCell.swift */ = {isa = PBXFileReference; lastKnownFileType = sourcecode.swift; name = MarketPlaceTableViewCell.swift; path = ChallengeMe/Cells/MarketPlaceTableViewCell.swift; sourceTree = SOURCE_ROOT; };
		D6BB7B8621B0B263007D6253 /* FriendTableViewCell.swift */ = {isa = PBXFileReference; lastKnownFileType = sourcecode.swift; path = FriendTableViewCell.swift; sourceTree = "<group>"; };
		D6DD296721B30CE0008987F0 /* NetworkManager.swift */ = {isa = PBXFileReference; lastKnownFileType = sourcecode.swift; path = NetworkManager.swift; sourceTree = "<group>"; };
		D6DD296B21B31816008987F0 /* LogInViewController.swift */ = {isa = PBXFileReference; lastKnownFileType = sourcecode.swift; name = LogInViewController.swift; path = /Users/seancorcoran/dev/ios/ChallengeMe/ChallengeMe/Layouts/LogInViewController.swift; sourceTree = "<absolute>"; };
		D6E774E121A384BF00E9BDF2 /* User.swift */ = {isa = PBXFileReference; lastKnownFileType = sourcecode.swift; path = User.swift; sourceTree = "<group>"; };
		D6E774E321A385D000E9BDF2 /* PersonViewController.swift */ = {isa = PBXFileReference; lastKnownFileType = sourcecode.swift; path = PersonViewController.swift; sourceTree = "<group>"; };
		D8A97A05D3A91A442B6FB529 /* Pods-ChallengeMeUITests.release.xcconfig */ = {isa = PBXFileReference; includeInIndex = 1; lastKnownFileType = text.xcconfig; name = "Pods-ChallengeMeUITests.release.xcconfig"; path = "Pods/Target Support Files/Pods-ChallengeMeUITests/Pods-ChallengeMeUITests.release.xcconfig"; sourceTree = "<group>"; };
		F2C370ECAF026314ECC8F2CA /* Pods-ChallengeMeTests.debug.xcconfig */ = {isa = PBXFileReference; includeInIndex = 1; lastKnownFileType = text.xcconfig; name = "Pods-ChallengeMeTests.debug.xcconfig"; path = "Pods/Target Support Files/Pods-ChallengeMeTests/Pods-ChallengeMeTests.debug.xcconfig"; sourceTree = "<group>"; };
		F6196FDD21AB7F58009C9407 /* ChallengePageCell.swift */ = {isa = PBXFileReference; lastKnownFileType = sourcecode.swift; path = ChallengePageCell.swift; sourceTree = "<group>"; };
		F62C1EB721A4AA490084892D /* Challenge.swift */ = {isa = PBXFileReference; lastKnownFileType = sourcecode.swift; path = Challenge.swift; sourceTree = "<group>"; };
		F62C1EBC21A4ADF70084892D /* ChallengeAPI.swift */ = {isa = PBXFileReference; lastKnownFileType = sourcecode.swift; path = ChallengeAPI.swift; sourceTree = "<group>"; };
		F65403DB21A5CE6C008BA22D /* ChallengeCollectionViewCell.swift */ = {isa = PBXFileReference; lastKnownFileType = sourcecode.swift; path = ChallengeCollectionViewCell.swift; sourceTree = "<group>"; };
		F65403DE21A5D205008BA22D /* MarketCollectionViewController.swift */ = {isa = PBXFileReference; lastKnownFileType = sourcecode.swift; path = MarketCollectionViewController.swift; sourceTree = "<group>"; };
		F65403E021A5D37C008BA22D /* CongratsViewController.swift */ = {isa = PBXFileReference; lastKnownFileType = sourcecode.swift; path = CongratsViewController.swift; sourceTree = "<group>"; };
		F675AD2221ADA07F000888DD /* ChallengeViewController.swift */ = {isa = PBXFileReference; lastKnownFileType = sourcecode.swift; path = ChallengeViewController.swift; sourceTree = "<group>"; };
/* End PBXFileReference section */

/* Begin PBXFrameworksBuildPhase section */
		D637078921A246FD00D296A2 /* Frameworks */ = {
			isa = PBXFrameworksBuildPhase;
			buildActionMask = 2147483647;
			files = (
				B684CFE3A43CAF3671FEB700 /* Pods_ChallengeMe.framework in Frameworks */,
			);
			runOnlyForDeploymentPostprocessing = 0;
		};
		D63707A021A246FE00D296A2 /* Frameworks */ = {
			isa = PBXFrameworksBuildPhase;
			buildActionMask = 2147483647;
			files = (
				7A0D6124B63163E80B80A5FF /* Pods_ChallengeMeTests.framework in Frameworks */,
			);
			runOnlyForDeploymentPostprocessing = 0;
		};
		D63707AB21A246FF00D296A2 /* Frameworks */ = {
			isa = PBXFrameworksBuildPhase;
			buildActionMask = 2147483647;
			files = (
				D550401C179D6A05F9269A47 /* Pods_ChallengeMeUITests.framework in Frameworks */,
			);
			runOnlyForDeploymentPostprocessing = 0;
		};
/* End PBXFrameworksBuildPhase section */

/* Begin PBXGroup section */
		2C3C4B2767CCB6755A504BFB /* Pods */ = {
			isa = PBXGroup;
			children = (
				54C017CB6B0257CC6702DB83 /* Pods-ChallengeMe.debug.xcconfig */,
				9C7C283E58C0C5E0D9D7332F /* Pods-ChallengeMe.release.xcconfig */,
				F2C370ECAF026314ECC8F2CA /* Pods-ChallengeMeTests.debug.xcconfig */,
				4F04628BC252914F82B523B9 /* Pods-ChallengeMeTests.release.xcconfig */,
				D475CDDEA43FF7294DABFBF9 /* Pods-ChallengeMeUITests.debug.xcconfig */,
				D8A97A05D3A91A442B6FB529 /* Pods-ChallengeMeUITests.release.xcconfig */,
			);
			name = Pods;
			sourceTree = "<group>";
		};
		8B8490845BEDD3A22EABBAEC /* Frameworks */ = {
			isa = PBXGroup;
			children = (
				881755FBA800B38EC12CFB95 /* Pods_ChallengeMe.framework */,
				2C2AD2154E5432AFA82A2658 /* Pods_ChallengeMeTests.framework */,
				6F352872D0F6F868A4D53A06 /* Pods_ChallengeMeUITests.framework */,
			);
			name = Frameworks;
			sourceTree = "<group>";
		};
		D637078321A246FD00D296A2 = {
			isa = PBXGroup;
			children = (
				D637078E21A246FD00D296A2 /* ChallengeMe */,
				D63707A621A246FF00D296A2 /* ChallengeMeTests */,
				D63707B121A246FF00D296A2 /* ChallengeMeUITests */,
				D637078D21A246FD00D296A2 /* Products */,
				2C3C4B2767CCB6755A504BFB /* Pods */,
				8B8490845BEDD3A22EABBAEC /* Frameworks */,
			);
			sourceTree = "<group>";
		};
		D637078D21A246FD00D296A2 /* Products */ = {
			isa = PBXGroup;
			children = (
				D637078C21A246FD00D296A2 /* ChallengeMe.app */,
				D63707A321A246FE00D296A2 /* ChallengeMeTests.xctest */,
				D63707AE21A246FF00D296A2 /* ChallengeMeUITests.xctest */,
			);
			name = Products;
			sourceTree = "<group>";
		};
		D637078E21A246FD00D296A2 /* ChallengeMe */ = {
			isa = PBXGroup;
			children = (
				F62C1EBE21A4AE260084892D /* API */,
				F62C1EBA21A4AD620084892D /* Models */,
				F65403DD21A5CE7C008BA22D /* Cells */,
				F62C1EBB21A4ADA10084892D /* Layouts */,
				D637079921A246FE00D296A2 /* Assets.xcassets */,
				D637079B21A246FE00D296A2 /* LaunchScreen.storyboard */,
				D637079E21A246FE00D296A2 /* Info.plist */,
				D637079621A246FD00D296A2 /* ChallengeMe.xcdatamodeld */,
			);
			path = ChallengeMe;
			sourceTree = "<group>";
		};
		D63707A621A246FF00D296A2 /* ChallengeMeTests */ = {
			isa = PBXGroup;
			children = (
				D63707A721A246FF00D296A2 /* ChallengeMeTests.swift */,
				D63707A921A246FF00D296A2 /* Info.plist */,
			);
			path = ChallengeMeTests;
			sourceTree = "<group>";
		};
		D63707B121A246FF00D296A2 /* ChallengeMeUITests */ = {
			isa = PBXGroup;
			children = (
				D63707B221A246FF00D296A2 /* ChallengeMeUITests.swift */,
				D63707B421A246FF00D296A2 /* Info.plist */,
			);
			path = ChallengeMeUITests;
			sourceTree = "<group>";
		};
		F62C1EBA21A4AD620084892D /* Models */ = {
			isa = PBXGroup;
			children = (
				D6E774E121A384BF00E9BDF2 /* User.swift */,
				F62C1EB721A4AA490084892D /* Challenge.swift */,
			);
			path = Models;
			sourceTree = "<group>";
		};
		F62C1EBB21A4ADA10084892D /* Layouts */ = {
			isa = PBXGroup;
			children = (
				D6DD296B21B31816008987F0 /* LogInViewController.swift */,
				D6E774E321A385D000E9BDF2 /* PersonViewController.swift */,
				F65403DE21A5D205008BA22D /* MarketCollectionViewController.swift */,
				D6BB7B8221B0A8E0007D6253 /* MarketTableViewController.swift */,
				F675AD2221ADA07F000888DD /* ChallengeViewController.swift */,
				D6BB7B8021B08394007D6253 /* FriendsViewController.swift */,
				F65403E021A5D37C008BA22D /* CongratsViewController.swift */,
				D637078F21A246FD00D296A2 /* AppDelegate.swift */,
				D6BB7B7E21B0440F007D6253 /* MainTabBarController.swift */,
			);
			path = Layouts;
			sourceTree = "<group>";
		};
		F62C1EBE21A4AE260084892D /* API */ = {
			isa = PBXGroup;
			children = (
				D6DD296721B30CE0008987F0 /* NetworkManager.swift */,
				F62C1EBC21A4ADF70084892D /* ChallengeAPI.swift */,
			);
			path = API;
			sourceTree = "<group>";
		};
		F65403DD21A5CE7C008BA22D /* Cells */ = {
			isa = PBXGroup;
			children = (
				F65403DB21A5CE6C008BA22D /* ChallengeCollectionViewCell.swift */,
				F6196FDD21AB7F58009C9407 /* ChallengePageCell.swift */,
				D46718A321B47BC7005083A8 /* CompletedViewController.swift */,
				D6BB7B8421B0AA17007D6253 /* MarketPlaceTableViewCell.swift */,
				D6BB7B8621B0B263007D6253 /* FriendTableViewCell.swift */,
			);
			path = Cells;
			sourceTree = "<group>";
		};
/* End PBXGroup section */

/* Begin PBXNativeTarget section */
		D637078B21A246FD00D296A2 /* ChallengeMe */ = {
			isa = PBXNativeTarget;
			buildConfigurationList = D63707B721A246FF00D296A2 /* Build configuration list for PBXNativeTarget "ChallengeMe" */;
			buildPhases = (
				426E731CDD93570BA97A03DC /* [CP] Check Pods Manifest.lock */,
				D637078821A246FD00D296A2 /* Sources */,
				D637078921A246FD00D296A2 /* Frameworks */,
				D637078A21A246FD00D296A2 /* Resources */,
				E8BC286C59884F374ADAEFAB /* [CP] Check Pods Manifest.lock */,
				0DB8C74A30382CEE4B9B324A /* [CP] Embed Pods Frameworks */,
			);
			buildRules = (
			);
			dependencies = (
			);
			name = ChallengeMe;
			productName = ChallengeMe;
			productReference = D637078C21A246FD00D296A2 /* ChallengeMe.app */;
			productType = "com.apple.product-type.application";
		};
		D63707A221A246FE00D296A2 /* ChallengeMeTests */ = {
			isa = PBXNativeTarget;
			buildConfigurationList = D63707BA21A246FF00D296A2 /* Build configuration list for PBXNativeTarget "ChallengeMeTests" */;
			buildPhases = (
				E2A8989689056BEC8A81D5D7 /* [CP] Check Pods Manifest.lock */,
				D637079F21A246FE00D296A2 /* Sources */,
				D63707A021A246FE00D296A2 /* Frameworks */,
				D63707A121A246FE00D296A2 /* Resources */,
			);
			buildRules = (
			);
			dependencies = (
				D63707A521A246FE00D296A2 /* PBXTargetDependency */,
			);
			name = ChallengeMeTests;
			productName = ChallengeMeTests;
			productReference = D63707A321A246FE00D296A2 /* ChallengeMeTests.xctest */;
			productType = "com.apple.product-type.bundle.unit-test";
		};
		D63707AD21A246FF00D296A2 /* ChallengeMeUITests */ = {
			isa = PBXNativeTarget;
			buildConfigurationList = D63707BD21A246FF00D296A2 /* Build configuration list for PBXNativeTarget "ChallengeMeUITests" */;
			buildPhases = (
				FA4AB903AB172EC91E6E6220 /* [CP] Check Pods Manifest.lock */,
				D63707AA21A246FF00D296A2 /* Sources */,
				D63707AB21A246FF00D296A2 /* Frameworks */,
				D63707AC21A246FF00D296A2 /* Resources */,
			);
			buildRules = (
			);
			dependencies = (
				D63707B021A246FF00D296A2 /* PBXTargetDependency */,
			);
			name = ChallengeMeUITests;
			productName = ChallengeMeUITests;
			productReference = D63707AE21A246FF00D296A2 /* ChallengeMeUITests.xctest */;
			productType = "com.apple.product-type.bundle.ui-testing";
		};
/* End PBXNativeTarget section */

/* Begin PBXProject section */
		D637078421A246FD00D296A2 /* Project object */ = {
			isa = PBXProject;
			attributes = {
				LastSwiftUpdateCheck = 1000;
				LastUpgradeCheck = 1000;
				ORGANIZATIONNAME = ChallengeMe;
				TargetAttributes = {
					D637078B21A246FD00D296A2 = {
						CreatedOnToolsVersion = 10.0;
					};
					D63707A221A246FE00D296A2 = {
						CreatedOnToolsVersion = 10.0;
						TestTargetID = D637078B21A246FD00D296A2;
					};
					D63707AD21A246FF00D296A2 = {
						CreatedOnToolsVersion = 10.0;
						TestTargetID = D637078B21A246FD00D296A2;
					};
				};
			};
			buildConfigurationList = D637078721A246FD00D296A2 /* Build configuration list for PBXProject "ChallengeMe" */;
			compatibilityVersion = "Xcode 9.3";
			developmentRegion = en;
			hasScannedForEncodings = 0;
			knownRegions = (
				en,
				Base,
			);
			mainGroup = D637078321A246FD00D296A2;
			productRefGroup = D637078D21A246FD00D296A2 /* Products */;
			projectDirPath = "";
			projectRoot = "";
			targets = (
				D637078B21A246FD00D296A2 /* ChallengeMe */,
				D63707A221A246FE00D296A2 /* ChallengeMeTests */,
				D63707AD21A246FF00D296A2 /* ChallengeMeUITests */,
			);
		};
/* End PBXProject section */

/* Begin PBXResourcesBuildPhase section */
		D637078A21A246FD00D296A2 /* Resources */ = {
			isa = PBXResourcesBuildPhase;
			buildActionMask = 2147483647;
			files = (
				D637079D21A246FE00D296A2 /* LaunchScreen.storyboard in Resources */,
				D637079A21A246FE00D296A2 /* Assets.xcassets in Resources */,
			);
			runOnlyForDeploymentPostprocessing = 0;
		};
		D63707A121A246FE00D296A2 /* Resources */ = {
			isa = PBXResourcesBuildPhase;
			buildActionMask = 2147483647;
			files = (
			);
			runOnlyForDeploymentPostprocessing = 0;
		};
		D63707AC21A246FF00D296A2 /* Resources */ = {
			isa = PBXResourcesBuildPhase;
			buildActionMask = 2147483647;
			files = (
			);
			runOnlyForDeploymentPostprocessing = 0;
		};
/* End PBXResourcesBuildPhase section */

/* Begin PBXShellScriptBuildPhase section */
		0DB8C74A30382CEE4B9B324A /* [CP] Embed Pods Frameworks */ = {
			isa = PBXShellScriptBuildPhase;
			buildActionMask = 2147483647;
			files = (
			);
			inputPaths = (
				"${SRCROOT}/Pods/Target Support Files/Pods-ChallengeMe/Pods-ChallengeMe-frameworks.sh",
				"${BUILT_PRODUCTS_DIR}/Alamofire/Alamofire.framework",
			);
			name = "[CP] Embed Pods Frameworks";
			outputPaths = (
				"${TARGET_BUILD_DIR}/${FRAMEWORKS_FOLDER_PATH}/Alamofire.framework",
			);
			runOnlyForDeploymentPostprocessing = 0;
			shellPath = /bin/sh;
			shellScript = "\"${SRCROOT}/Pods/Target Support Files/Pods-ChallengeMe/Pods-ChallengeMe-frameworks.sh\"\n";
			showEnvVarsInLog = 0;
		};
		426E731CDD93570BA97A03DC /* [CP] Check Pods Manifest.lock */ = {
			isa = PBXShellScriptBuildPhase;
			buildActionMask = 2147483647;
			files = (
			);
			inputPaths = (
				"${PODS_PODFILE_DIR_PATH}/Podfile.lock",
				"${PODS_ROOT}/Manifest.lock",
			);
			name = "[CP] Check Pods Manifest.lock";
			outputPaths = (
				"$(DERIVED_FILE_DIR)/Pods-ChallengeMe-checkManifestLockResult.txt",
			);
			runOnlyForDeploymentPostprocessing = 0;
			shellPath = /bin/sh;
			shellScript = "diff \"${PODS_PODFILE_DIR_PATH}/Podfile.lock\" \"${PODS_ROOT}/Manifest.lock\" > /dev/null\nif [ $? != 0 ] ; then\n    # print error to STDERR\n    echo \"error: The sandbox is not in sync with the Podfile.lock. Run 'pod install' or update your CocoaPods installation.\" >&2\n    exit 1\nfi\n# This output is used by Xcode 'outputs' to avoid re-running this script phase.\necho \"SUCCESS\" > \"${SCRIPT_OUTPUT_FILE_0}\"\n";
			showEnvVarsInLog = 0;
		};
		E2A8989689056BEC8A81D5D7 /* [CP] Check Pods Manifest.lock */ = {
			isa = PBXShellScriptBuildPhase;
			buildActionMask = 2147483647;
			files = (
			);
			inputPaths = (
				"${PODS_PODFILE_DIR_PATH}/Podfile.lock",
				"${PODS_ROOT}/Manifest.lock",
			);
			name = "[CP] Check Pods Manifest.lock";
			outputPaths = (
				"$(DERIVED_FILE_DIR)/Pods-ChallengeMeTests-checkManifestLockResult.txt",
			);
			runOnlyForDeploymentPostprocessing = 0;
			shellPath = /bin/sh;
			shellScript = "diff \"${PODS_PODFILE_DIR_PATH}/Podfile.lock\" \"${PODS_ROOT}/Manifest.lock\" > /dev/null\nif [ $? != 0 ] ; then\n    # print error to STDERR\n    echo \"error: The sandbox is not in sync with the Podfile.lock. Run 'pod install' or update your CocoaPods installation.\" >&2\n    exit 1\nfi\n# This output is used by Xcode 'outputs' to avoid re-running this script phase.\necho \"SUCCESS\" > \"${SCRIPT_OUTPUT_FILE_0}\"\n";
			showEnvVarsInLog = 0;
		};
		E8BC286C59884F374ADAEFAB /* [CP] Check Pods Manifest.lock */ = {
			isa = PBXShellScriptBuildPhase;
			buildActionMask = 2147483647;
			files = (
			);
			inputPaths = (
				"${SRCROOT}/Pods/Target Support Files/Pods-ChallengeMe/Pods-ChallengeMe-frameworks.sh",
				"${BUILT_PRODUCTS_DIR}/Alamofire/Alamofire.framework",
				"${BUILT_PRODUCTS_DIR}/FLAnimatedImage/FLAnimatedImage.framework",
			);
			name = "[CP] Check Pods Manifest.lock";
			outputPaths = (
				"${TARGET_BUILD_DIR}/${FRAMEWORKS_FOLDER_PATH}/Alamofire.framework",
				"${TARGET_BUILD_DIR}/${FRAMEWORKS_FOLDER_PATH}/FLAnimatedImage.framework",
			);
			runOnlyForDeploymentPostprocessing = 0;
			shellPath = /bin/sh;
			shellScript = "\"${SRCROOT}/Pods/Target Support Files/Pods-ChallengeMe/Pods-ChallengeMe-frameworks.sh\"\n";
			showEnvVarsInLog = 0;
		};
		FA4AB903AB172EC91E6E6220 /* [CP] Check Pods Manifest.lock */ = {
			isa = PBXShellScriptBuildPhase;
			buildActionMask = 2147483647;
			files = (
			);
			inputPaths = (
				"${PODS_PODFILE_DIR_PATH}/Podfile.lock",
				"${PODS_ROOT}/Manifest.lock",
			);
			name = "[CP] Check Pods Manifest.lock";
			outputPaths = (
				"$(DERIVED_FILE_DIR)/Pods-ChallengeMeUITests-checkManifestLockResult.txt",
			);
			runOnlyForDeploymentPostprocessing = 0;
			shellPath = /bin/sh;
			shellScript = "diff \"${PODS_PODFILE_DIR_PATH}/Podfile.lock\" \"${PODS_ROOT}/Manifest.lock\" > /dev/null\nif [ $? != 0 ] ; then\n    # print error to STDERR\n    echo \"error: The sandbox is not in sync with the Podfile.lock. Run 'pod install' or update your CocoaPods installation.\" >&2\n    exit 1\nfi\n# This output is used by Xcode 'outputs' to avoid re-running this script phase.\necho \"SUCCESS\" > \"${SCRIPT_OUTPUT_FILE_0}\"\n";
			showEnvVarsInLog = 0;
		};
/* End PBXShellScriptBuildPhase section */

/* Begin PBXSourcesBuildPhase section */
		D637078821A246FD00D296A2 /* Sources */ = {
			isa = PBXSourcesBuildPhase;
			buildActionMask = 2147483647;
			files = (
				F675AD2321ADA07F000888DD /* ChallengeViewController.swift in Sources */,
				D6BB7B8521B0AA17007D6253 /* MarketPlaceTableViewCell.swift in Sources */,
				D6DD296C21B31816008987F0 /* LogInViewController.swift in Sources */,
				F6196FDE21AB7F58009C9407 /* ChallengePageCell.swift in Sources */,
				F62C1EB821A4AA490084892D /* Challenge.swift in Sources */,
				D6BB7B8321B0A8E0007D6253 /* MarketTableViewController.swift in Sources */,
				D6E774E421A385D000E9BDF2 /* PersonViewController.swift in Sources */,
				D6BB7B8121B08394007D6253 /* FriendsViewController.swift in Sources */,
				D46718A421B47BC7005083A8 /* CompletedViewController.swift in Sources */,
				F62C1EBD21A4ADF70084892D /* ChallengeAPI.swift in Sources */,
				F65403DC21A5CE6C008BA22D /* ChallengeCollectionViewCell.swift in Sources */,
				D6BB7B7F21B0440F007D6253 /* MainTabBarController.swift in Sources */,
				D6DD296821B30CE0008987F0 /* NetworkManager.swift in Sources */,
				D6E774E221A384BF00E9BDF2 /* User.swift in Sources */,
				D6E774E221A384BF00E9BDF2 /* User.swift in Sources */,
				F65403E121A5D37C008BA22D /* CongratsViewController.swift in Sources */,
				D637079021A246FD00D296A2 /* AppDelegate.swift in Sources */,
				D637079821A246FD00D296A2 /* ChallengeMe.xcdatamodeld in Sources */,
				F65403DF21A5D205008BA22D /* MarketCollectionViewController.swift in Sources */,
				D6BB7B8721B0B263007D6253 /* FriendTableViewCell.swift in Sources */,
			);
			runOnlyForDeploymentPostprocessing = 0;
		};
		D637079F21A246FE00D296A2 /* Sources */ = {
			isa = PBXSourcesBuildPhase;
			buildActionMask = 2147483647;
			files = (
				D63707A821A246FF00D296A2 /* ChallengeMeTests.swift in Sources */,
			);
			runOnlyForDeploymentPostprocessing = 0;
		};
		D63707AA21A246FF00D296A2 /* Sources */ = {
			isa = PBXSourcesBuildPhase;
			buildActionMask = 2147483647;
			files = (
				D63707B321A246FF00D296A2 /* ChallengeMeUITests.swift in Sources */,
			);
			runOnlyForDeploymentPostprocessing = 0;
		};
/* End PBXSourcesBuildPhase section */

/* Begin PBXTargetDependency section */
		D63707A521A246FE00D296A2 /* PBXTargetDependency */ = {
			isa = PBXTargetDependency;
			target = D637078B21A246FD00D296A2 /* ChallengeMe */;
			targetProxy = D63707A421A246FE00D296A2 /* PBXContainerItemProxy */;
		};
		D63707B021A246FF00D296A2 /* PBXTargetDependency */ = {
			isa = PBXTargetDependency;
			target = D637078B21A246FD00D296A2 /* ChallengeMe */;
			targetProxy = D63707AF21A246FF00D296A2 /* PBXContainerItemProxy */;
		};
/* End PBXTargetDependency section */

/* Begin PBXVariantGroup section */
		D637079B21A246FE00D296A2 /* LaunchScreen.storyboard */ = {
			isa = PBXVariantGroup;
			children = (
				D637079C21A246FE00D296A2 /* Base */,
			);
			name = LaunchScreen.storyboard;
			sourceTree = "<group>";
		};
/* End PBXVariantGroup section */

/* Begin XCBuildConfiguration section */
		D63707B521A246FF00D296A2 /* Debug */ = {
			isa = XCBuildConfiguration;
			buildSettings = {
				ALWAYS_SEARCH_USER_PATHS = NO;
				CLANG_ANALYZER_NONNULL = YES;
				CLANG_ANALYZER_NUMBER_OBJECT_CONVERSION = YES_AGGRESSIVE;
				CLANG_CXX_LANGUAGE_STANDARD = "gnu++14";
				CLANG_CXX_LIBRARY = "libc++";
				CLANG_ENABLE_MODULES = YES;
				CLANG_ENABLE_OBJC_ARC = YES;
				CLANG_ENABLE_OBJC_WEAK = YES;
				CLANG_WARN_BLOCK_CAPTURE_AUTORELEASING = YES;
				CLANG_WARN_BOOL_CONVERSION = YES;
				CLANG_WARN_COMMA = YES;
				CLANG_WARN_CONSTANT_CONVERSION = YES;
				CLANG_WARN_DEPRECATED_OBJC_IMPLEMENTATIONS = YES;
				CLANG_WARN_DIRECT_OBJC_ISA_USAGE = YES_ERROR;
				CLANG_WARN_DOCUMENTATION_COMMENTS = YES;
				CLANG_WARN_EMPTY_BODY = YES;
				CLANG_WARN_ENUM_CONVERSION = YES;
				CLANG_WARN_INFINITE_RECURSION = YES;
				CLANG_WARN_INT_CONVERSION = YES;
				CLANG_WARN_NON_LITERAL_NULL_CONVERSION = YES;
				CLANG_WARN_OBJC_IMPLICIT_RETAIN_SELF = YES;
				CLANG_WARN_OBJC_LITERAL_CONVERSION = YES;
				CLANG_WARN_OBJC_ROOT_CLASS = YES_ERROR;
				CLANG_WARN_RANGE_LOOP_ANALYSIS = YES;
				CLANG_WARN_STRICT_PROTOTYPES = YES;
				CLANG_WARN_SUSPICIOUS_MOVE = YES;
				CLANG_WARN_UNGUARDED_AVAILABILITY = YES_AGGRESSIVE;
				CLANG_WARN_UNREACHABLE_CODE = YES;
				CLANG_WARN__DUPLICATE_METHOD_MATCH = YES;
				CODE_SIGN_IDENTITY = "iPhone Developer";
				COPY_PHASE_STRIP = NO;
				DEBUG_INFORMATION_FORMAT = dwarf;
				ENABLE_STRICT_OBJC_MSGSEND = YES;
				ENABLE_TESTABILITY = YES;
				GCC_C_LANGUAGE_STANDARD = gnu11;
				GCC_DYNAMIC_NO_PIC = NO;
				GCC_NO_COMMON_BLOCKS = YES;
				GCC_OPTIMIZATION_LEVEL = 0;
				GCC_PREPROCESSOR_DEFINITIONS = (
					"DEBUG=1",
					"$(inherited)",
				);
				GCC_WARN_64_TO_32_BIT_CONVERSION = YES;
				GCC_WARN_ABOUT_RETURN_TYPE = YES_ERROR;
				GCC_WARN_UNDECLARED_SELECTOR = YES;
				GCC_WARN_UNINITIALIZED_AUTOS = YES_AGGRESSIVE;
				GCC_WARN_UNUSED_FUNCTION = YES;
				GCC_WARN_UNUSED_VARIABLE = YES;
				IPHONEOS_DEPLOYMENT_TARGET = 12.0;
				MTL_ENABLE_DEBUG_INFO = INCLUDE_SOURCE;
				MTL_FAST_MATH = YES;
				ONLY_ACTIVE_ARCH = YES;
				SDKROOT = iphoneos;
				SWIFT_ACTIVE_COMPILATION_CONDITIONS = DEBUG;
				SWIFT_OPTIMIZATION_LEVEL = "-Onone";
			};
			name = Debug;
		};
		D63707B621A246FF00D296A2 /* Release */ = {
			isa = XCBuildConfiguration;
			buildSettings = {
				ALWAYS_SEARCH_USER_PATHS = NO;
				CLANG_ANALYZER_NONNULL = YES;
				CLANG_ANALYZER_NUMBER_OBJECT_CONVERSION = YES_AGGRESSIVE;
				CLANG_CXX_LANGUAGE_STANDARD = "gnu++14";
				CLANG_CXX_LIBRARY = "libc++";
				CLANG_ENABLE_MODULES = YES;
				CLANG_ENABLE_OBJC_ARC = YES;
				CLANG_ENABLE_OBJC_WEAK = YES;
				CLANG_WARN_BLOCK_CAPTURE_AUTORELEASING = YES;
				CLANG_WARN_BOOL_CONVERSION = YES;
				CLANG_WARN_COMMA = YES;
				CLANG_WARN_CONSTANT_CONVERSION = YES;
				CLANG_WARN_DEPRECATED_OBJC_IMPLEMENTATIONS = YES;
				CLANG_WARN_DIRECT_OBJC_ISA_USAGE = YES_ERROR;
				CLANG_WARN_DOCUMENTATION_COMMENTS = YES;
				CLANG_WARN_EMPTY_BODY = YES;
				CLANG_WARN_ENUM_CONVERSION = YES;
				CLANG_WARN_INFINITE_RECURSION = YES;
				CLANG_WARN_INT_CONVERSION = YES;
				CLANG_WARN_NON_LITERAL_NULL_CONVERSION = YES;
				CLANG_WARN_OBJC_IMPLICIT_RETAIN_SELF = YES;
				CLANG_WARN_OBJC_LITERAL_CONVERSION = YES;
				CLANG_WARN_OBJC_ROOT_CLASS = YES_ERROR;
				CLANG_WARN_RANGE_LOOP_ANALYSIS = YES;
				CLANG_WARN_STRICT_PROTOTYPES = YES;
				CLANG_WARN_SUSPICIOUS_MOVE = YES;
				CLANG_WARN_UNGUARDED_AVAILABILITY = YES_AGGRESSIVE;
				CLANG_WARN_UNREACHABLE_CODE = YES;
				CLANG_WARN__DUPLICATE_METHOD_MATCH = YES;
				CODE_SIGN_IDENTITY = "iPhone Developer";
				COPY_PHASE_STRIP = NO;
				DEBUG_INFORMATION_FORMAT = "dwarf-with-dsym";
				ENABLE_NS_ASSERTIONS = NO;
				ENABLE_STRICT_OBJC_MSGSEND = YES;
				GCC_C_LANGUAGE_STANDARD = gnu11;
				GCC_NO_COMMON_BLOCKS = YES;
				GCC_WARN_64_TO_32_BIT_CONVERSION = YES;
				GCC_WARN_ABOUT_RETURN_TYPE = YES_ERROR;
				GCC_WARN_UNDECLARED_SELECTOR = YES;
				GCC_WARN_UNINITIALIZED_AUTOS = YES_AGGRESSIVE;
				GCC_WARN_UNUSED_FUNCTION = YES;
				GCC_WARN_UNUSED_VARIABLE = YES;
				IPHONEOS_DEPLOYMENT_TARGET = 12.0;
				MTL_ENABLE_DEBUG_INFO = NO;
				MTL_FAST_MATH = YES;
				SDKROOT = iphoneos;
				SWIFT_COMPILATION_MODE = wholemodule;
				SWIFT_OPTIMIZATION_LEVEL = "-O";
				VALIDATE_PRODUCT = YES;
			};
			name = Release;
		};
		D63707B821A246FF00D296A2 /* Debug */ = {
			isa = XCBuildConfiguration;
			baseConfigurationReference = 54C017CB6B0257CC6702DB83 /* Pods-ChallengeMe.debug.xcconfig */;
			buildSettings = {
				ASSETCATALOG_COMPILER_APPICON_NAME = AppIcon;
				CODE_SIGN_STYLE = Automatic;
				DEVELOPMENT_TEAM = ChallengeMe;
				INFOPLIST_FILE = ChallengeMe/Info.plist;
				IPHONEOS_DEPLOYMENT_TARGET = 11.4;
				LD_RUNPATH_SEARCH_PATHS = (
					"$(inherited)",
					"@executable_path/Frameworks",
				);
				PRODUCT_BUNDLE_IDENTIFIER = SeanCorcoran.ChallengeMe;
				PRODUCT_NAME = "$(TARGET_NAME)";
				SWIFT_VERSION = 4.0;
				TARGETED_DEVICE_FAMILY = "1,2";
			};
			name = Debug;
		};
		D63707B921A246FF00D296A2 /* Release */ = {
			isa = XCBuildConfiguration;
			baseConfigurationReference = 9C7C283E58C0C5E0D9D7332F /* Pods-ChallengeMe.release.xcconfig */;
			buildSettings = {
				ASSETCATALOG_COMPILER_APPICON_NAME = AppIcon;
				CODE_SIGN_STYLE = Automatic;
				DEVELOPMENT_TEAM = ChallengeMe;
				INFOPLIST_FILE = ChallengeMe/Info.plist;
				IPHONEOS_DEPLOYMENT_TARGET = 11.4;
				LD_RUNPATH_SEARCH_PATHS = (
					"$(inherited)",
					"@executable_path/Frameworks",
				);
				PRODUCT_BUNDLE_IDENTIFIER = SeanCorcoran.ChallengeMe;
				PRODUCT_NAME = "$(TARGET_NAME)";
				SWIFT_VERSION = 4.0;
				TARGETED_DEVICE_FAMILY = "1,2";
			};
			name = Release;
		};
		D63707BB21A246FF00D296A2 /* Debug */ = {
			isa = XCBuildConfiguration;
			baseConfigurationReference = F2C370ECAF026314ECC8F2CA /* Pods-ChallengeMeTests.debug.xcconfig */;
			buildSettings = {
				ALWAYS_EMBED_SWIFT_STANDARD_LIBRARIES = YES;
				BUNDLE_LOADER = "$(TEST_HOST)";
				CODE_SIGN_STYLE = Automatic;
				INFOPLIST_FILE = ChallengeMeTests/Info.plist;
				LD_RUNPATH_SEARCH_PATHS = (
					"$(inherited)",
					"@executable_path/Frameworks",
					"@loader_path/Frameworks",
				);
				PRODUCT_BUNDLE_IDENTIFIER = SeanCorcoran.ChallengeMeTests;
				PRODUCT_NAME = "$(TARGET_NAME)";
				SWIFT_VERSION = 4.2;
				TARGETED_DEVICE_FAMILY = "1,2";
				TEST_HOST = "$(BUILT_PRODUCTS_DIR)/ChallengeMe.app/ChallengeMe";
			};
			name = Debug;
		};
		D63707BC21A246FF00D296A2 /* Release */ = {
			isa = XCBuildConfiguration;
			baseConfigurationReference = 4F04628BC252914F82B523B9 /* Pods-ChallengeMeTests.release.xcconfig */;
			buildSettings = {
				ALWAYS_EMBED_SWIFT_STANDARD_LIBRARIES = YES;
				BUNDLE_LOADER = "$(TEST_HOST)";
				CODE_SIGN_STYLE = Automatic;
				INFOPLIST_FILE = ChallengeMeTests/Info.plist;
				LD_RUNPATH_SEARCH_PATHS = (
					"$(inherited)",
					"@executable_path/Frameworks",
					"@loader_path/Frameworks",
				);
				PRODUCT_BUNDLE_IDENTIFIER = SeanCorcoran.ChallengeMeTests;
				PRODUCT_NAME = "$(TARGET_NAME)";
				SWIFT_VERSION = 4.2;
				TARGETED_DEVICE_FAMILY = "1,2";
				TEST_HOST = "$(BUILT_PRODUCTS_DIR)/ChallengeMe.app/ChallengeMe";
			};
			name = Release;
		};
		D63707BE21A246FF00D296A2 /* Debug */ = {
			isa = XCBuildConfiguration;
			baseConfigurationReference = D475CDDEA43FF7294DABFBF9 /* Pods-ChallengeMeUITests.debug.xcconfig */;
			buildSettings = {
				ALWAYS_EMBED_SWIFT_STANDARD_LIBRARIES = YES;
				CODE_SIGN_STYLE = Automatic;
				INFOPLIST_FILE = ChallengeMeUITests/Info.plist;
				LD_RUNPATH_SEARCH_PATHS = (
					"$(inherited)",
					"@executable_path/Frameworks",
					"@loader_path/Frameworks",
				);
				PRODUCT_BUNDLE_IDENTIFIER = SeanCorcoran.ChallengeMeUITests;
				PRODUCT_NAME = "$(TARGET_NAME)";
				SWIFT_VERSION = 4.2;
				TARGETED_DEVICE_FAMILY = "1,2";
				TEST_TARGET_NAME = ChallengeMe;
			};
			name = Debug;
		};
		D63707BF21A246FF00D296A2 /* Release */ = {
			isa = XCBuildConfiguration;
			baseConfigurationReference = D8A97A05D3A91A442B6FB529 /* Pods-ChallengeMeUITests.release.xcconfig */;
			buildSettings = {
				ALWAYS_EMBED_SWIFT_STANDARD_LIBRARIES = YES;
				CODE_SIGN_STYLE = Automatic;
				INFOPLIST_FILE = ChallengeMeUITests/Info.plist;
				LD_RUNPATH_SEARCH_PATHS = (
					"$(inherited)",
					"@executable_path/Frameworks",
					"@loader_path/Frameworks",
				);
				PRODUCT_BUNDLE_IDENTIFIER = SeanCorcoran.ChallengeMeUITests;
				PRODUCT_NAME = "$(TARGET_NAME)";
				SWIFT_VERSION = 4.2;
				TARGETED_DEVICE_FAMILY = "1,2";
				TEST_TARGET_NAME = ChallengeMe;
			};
			name = Release;
		};
/* End XCBuildConfiguration section */

/* Begin XCConfigurationList section */
		D637078721A246FD00D296A2 /* Build configuration list for PBXProject "ChallengeMe" */ = {
			isa = XCConfigurationList;
			buildConfigurations = (
				D63707B521A246FF00D296A2 /* Debug */,
				D63707B621A246FF00D296A2 /* Release */,
			);
			defaultConfigurationIsVisible = 0;
			defaultConfigurationName = Release;
		};
		D63707B721A246FF00D296A2 /* Build configuration list for PBXNativeTarget "ChallengeMe" */ = {
			isa = XCConfigurationList;
			buildConfigurations = (
				D63707B821A246FF00D296A2 /* Debug */,
				D63707B921A246FF00D296A2 /* Release */,
			);
			defaultConfigurationIsVisible = 0;
			defaultConfigurationName = Release;
		};
		D63707BA21A246FF00D296A2 /* Build configuration list for PBXNativeTarget "ChallengeMeTests" */ = {
			isa = XCConfigurationList;
			buildConfigurations = (
				D63707BB21A246FF00D296A2 /* Debug */,
				D63707BC21A246FF00D296A2 /* Release */,
			);
			defaultConfigurationIsVisible = 0;
			defaultConfigurationName = Release;
		};
		D63707BD21A246FF00D296A2 /* Build configuration list for PBXNativeTarget "ChallengeMeUITests" */ = {
			isa = XCConfigurationList;
			buildConfigurations = (
				D63707BE21A246FF00D296A2 /* Debug */,
				D63707BF21A246FF00D296A2 /* Release */,
			);
			defaultConfigurationIsVisible = 0;
			defaultConfigurationName = Release;
		};
/* End XCConfigurationList section */

/* Begin XCVersionGroup section */
		D637079621A246FD00D296A2 /* ChallengeMe.xcdatamodeld */ = {
			isa = XCVersionGroup;
			children = (
				D637079721A246FD00D296A2 /* ChallengeMe.xcdatamodel */,
			);
			currentVersion = D637079721A246FD00D296A2 /* ChallengeMe.xcdatamodel */;
			path = ChallengeMe.xcdatamodeld;
			sourceTree = "<group>";
			versionGroupType = wrapper.xcdatamodel;
		};
/* End XCVersionGroup section */
	};
	rootObject = D637078421A246FD00D296A2 /* Project object */;
}
